
Microsoft Visual Studio Solution File, Format Version 12.00
Project("{FAE04EC0-301F-11D3-BF4B-00C04F79EFBC}") = "PlanningPoker.ClientApi", "PlanningPoker.ClientApi\PlanningPoker.ClientApi.csproj", "{A670C5F1-CB08-41E0-8E2C-015AD660E163}"
EndProject
Project("{FAE04EC0-301F-11D3-BF4B-00C04F79EFBC}") = "PlanningPoker.Services.Interfaces", "PlanningPoker.Services.Interfaces\PlanningPoker.Services.Interfaces.csproj", "{ED394586-E4D7-4E95-964B-76217967B1B0}"
EndProject
Project("{FAE04EC0-301F-11D3-BF4B-00C04F79EFBC}") = "PlanningPoker.Models", "PlanningPoker.Models\PlanningPoker.Models.csproj", "{96F885E5-7C7D-42EA-B589-43D47026294C}"
EndProject
Project("{FAE04EC0-301F-11D3-BF4B-00C04F79EFBC}") = "PlanningPoker.Services", "PlanningPoker.Services\PlanningPoker.Services.csproj", "{6F47C24B-575A-470D-984F-2C4BF164237A}"
EndProject
Project("{FAE04EC0-301F-11D3-BF4B-00C04F79EFBC}") = "PlanningPoker.Data", "PlanningPoker.Data\PlanningPoker.Data.csproj", "{5382088B-8FB7-499C-B918-4A90EF858497}"
EndProject
Project("{FAE04EC0-301F-11D3-BF4B-00C04F79EFBC}") = "PlanningPoker.Data.Interfaces", "PlanningPoker.Data.Interfaces\PlanningPoker.Data.Interfaces.csproj", "{2446EA88-5629-4CE9-8C59-FF884E3B057F}"
EndProject
Project("{FAE04EC0-301F-11D3-BF4B-00C04F79EFBC}") = "PlanningPoker.Tests", "PlanningPoker.Tests\PlanningPoker.Tests.csproj", "{01EBBE14-FE44-46E8-99F3-D3A768E2E8FA}"
EndProject
Global
	GlobalSection(SolutionConfigurationPlatforms) = preSolution
		Debug|Any CPU = Debug|Any CPU
		Release|Any CPU = Release|Any CPU
	EndGlobalSection
	GlobalSection(ProjectConfigurationPlatforms) = postSolution
		{A670C5F1-CB08-41E0-8E2C-015AD660E163}.Debug|Any CPU.ActiveCfg = Debug|Any CPU
		{A670C5F1-CB08-41E0-8E2C-015AD660E163}.Debug|Any CPU.Build.0 = Debug|Any CPU
		{A670C5F1-CB08-41E0-8E2C-015AD660E163}.Release|Any CPU.ActiveCfg = Release|Any CPU
		{A670C5F1-CB08-41E0-8E2C-015AD660E163}.Release|Any CPU.Build.0 = Release|Any CPU
		{ED394586-E4D7-4E95-964B-76217967B1B0}.Debug|Any CPU.ActiveCfg = Debug|Any CPU
		{ED394586-E4D7-4E95-964B-76217967B1B0}.Debug|Any CPU.Build.0 = Debug|Any CPU
		{ED394586-E4D7-4E95-964B-76217967B1B0}.Release|Any CPU.ActiveCfg = Release|Any CPU
		{ED394586-E4D7-4E95-964B-76217967B1B0}.Release|Any CPU.Build.0 = Release|Any CPU
		{96F885E5-7C7D-42EA-B589-43D47026294C}.Debug|Any CPU.ActiveCfg = Debug|Any CPU
		{96F885E5-7C7D-42EA-B589-43D47026294C}.Debug|Any CPU.Build.0 = Debug|Any CPU
		{96F885E5-7C7D-42EA-B589-43D47026294C}.Release|Any CPU.ActiveCfg = Release|Any CPU
		{96F885E5-7C7D-42EA-B589-43D47026294C}.Release|Any CPU.Build.0 = Release|Any CPU
		{6F47C24B-575A-470D-984F-2C4BF164237A}.Debug|Any CPU.ActiveCfg = Debug|Any CPU
		{6F47C24B-575A-470D-984F-2C4BF164237A}.Debug|Any CPU.Build.0 = Debug|Any CPU
		{6F47C24B-575A-470D-984F-2C4BF164237A}.Release|Any CPU.ActiveCfg = Release|Any CPU
		{6F47C24B-575A-470D-984F-2C4BF164237A}.Release|Any CPU.Build.0 = Release|Any CPU
		{5382088B-8FB7-499C-B918-4A90EF858497}.Debug|Any CPU.ActiveCfg = Debug|Any CPU
		{5382088B-8FB7-499C-B918-4A90EF858497}.Debug|Any CPU.Build.0 = Debug|Any CPU
		{5382088B-8FB7-499C-B918-4A90EF858497}.Release|Any CPU.ActiveCfg = Release|Any CPU
		{5382088B-8FB7-499C-B918-4A90EF858497}.Release|Any CPU.Build.0 = Release|Any CPU
		{2446EA88-5629-4CE9-8C59-FF884E3B057F}.Debug|Any CPU.ActiveCfg = Debug|Any CPU
		{2446EA88-5629-4CE9-8C59-FF884E3B057F}.Debug|Any CPU.Build.0 = Debug|Any CPU
		{2446EA88-5629-4CE9-8C59-FF884E3B057F}.Release|Any CPU.ActiveCfg = Release|Any CPU
		{2446EA88-5629-4CE9-8C59-FF884E3B057F}.Release|Any CPU.Build.0 = Release|Any CPU
		{01EBBE14-FE44-46E8-99F3-D3A768E2E8FA}.Debug|Any CPU.ActiveCfg = Debug|Any CPU
		{01EBBE14-FE44-46E8-99F3-D3A768E2E8FA}.Debug|Any CPU.Build.0 = Debug|Any CPU
		{01EBBE14-FE44-46E8-99F3-D3A768E2E8FA}.Release|Any CPU.ActiveCfg = Release|Any CPU
		{01EBBE14-FE44-46E8-99F3-D3A768E2E8FA}.Release|Any CPU.Build.0 = Release|Any CPU
	EndGlobalSection
EndGlobal
